// !$*UTF8*$!
{
	archiveVersion = 1;
	classes = {
	};
	objectVersion = 56;
	objects = {

/* Begin PBXBuildFile section */
		F76131692A0EFD4B000AAF90 /* main.cpp in Sources */ = {isa = PBXBuildFile; fileRef = F76131682A0EFD4B000AAF90 /* main.cpp */; };
		F76131712A0F002C000AAF90 /* SDL2.framework in Frameworks */ = {isa = PBXBuildFile; fileRef = F76131702A0F002C000AAF90 /* SDL2.framework */; };
		F76131742A16C424000AAF90 /* cpu.cpp in Sources */ = {isa = PBXBuildFile; fileRef = F76131722A16C424000AAF90 /* cpu.cpp */; };
		F76131762A16C664000AAF90 /* util.cpp in Sources */ = {isa = PBXBuildFile; fileRef = F76131752A16C664000AAF90 /* util.cpp */; };
/* End PBXBuildFile section */

/* Begin PBXCopyFilesBuildPhase section */
		F76131632A0EFD4B000AAF90 /* CopyFiles */ = {
			isa = PBXCopyFilesBuildPhase;
			buildActionMask = 2147483647;
			dstPath = /usr/share/man/man1/;
			dstSubfolderSpec = 0;
			files = (
			);
			runOnlyForDeploymentPostprocessing = 1;
		};
/* End PBXCopyFilesBuildPhase section */

/* Begin PBXFileReference section */
		F76131652A0EFD4B000AAF90 /* Chip-8 */ = {isa = PBXFileReference; explicitFileType = "compiled.mach-o.executable"; includeInIndex = 0; path = "Chip-8"; sourceTree = BUILT_PRODUCTS_DIR; };
		F76131682A0EFD4B000AAF90 /* main.cpp */ = {isa = PBXFileReference; lastKnownFileType = sourcecode.cpp.cpp; path = main.cpp; sourceTree = "<group>"; };
		F76131702A0F002C000AAF90 /* SDL2.framework */ = {isa = PBXFileReference; lastKnownFileType = wrapper.framework; name = SDL2.framework; path = ../../../../Library/Frameworks/SDL2.framework; sourceTree = "<group>"; };
		F76131722A16C424000AAF90 /* cpu.cpp */ = {isa = PBXFileReference; lastKnownFileType = sourcecode.cpp.cpp; path = cpu.cpp; sourceTree = "<group>"; };
		F76131732A16C424000AAF90 /* cpu.hpp */ = {isa = PBXFileReference; lastKnownFileType = sourcecode.cpp.h; path = cpu.hpp; sourceTree = "<group>"; };
		F76131752A16C664000AAF90 /* util.cpp */ = {isa = PBXFileReference; lastKnownFileType = sourcecode.cpp.cpp; path = util.cpp; sourceTree = "<group>"; };
		F781CE822A16F582007D5044 /* 2-ibm-logo.ch8 */ = {isa = PBXFileReference; lastKnownFileType = file; path = "2-ibm-logo.ch8"; sourceTree = "<group>"; };
		F781CE832A16F582007D5044 /* c8_test.c8 */ = {isa = PBXFileReference; lastKnownFileType = file; path = c8_test.c8; sourceTree = "<group>"; };
		F781CE842A1848C7007D5044 /* README.md */ = {isa = PBXFileReference; fileEncoding = 4; lastKnownFileType = net.daringfireball.markdown; path = README.md; sourceTree = "<group>"; };
		F781CE852A184A5F007D5044 /* 3-corax+.ch8 */ = {isa = PBXFileReference; lastKnownFileType = file; path = "3-corax+.ch8"; sourceTree = "<group>"; };
		F781CE862A184A5F007D5044 /* 4-flags.ch8 */ = {isa = PBXFileReference; lastKnownFileType = file; path = "4-flags.ch8"; sourceTree = "<group>"; };
/* End PBXFileReference section */

/* Begin PBXFrameworksBuildPhase section */
		F76131622A0EFD4B000AAF90 /* Frameworks */ = {
			isa = PBXFrameworksBuildPhase;
			buildActionMask = 2147483647;
			files = (
				F76131712A0F002C000AAF90 /* SDL2.framework in Frameworks */,
			);
			runOnlyForDeploymentPostprocessing = 0;
		};
/* End PBXFrameworksBuildPhase section */

/* Begin PBXGroup section */
		F761315C2A0EFD4B000AAF90 = {
			isa = PBXGroup;
			children = (
				F781CE842A1848C7007D5044 /* README.md */,
				F781CE812A16F544007D5044 /* ROM */,
				F76131672A0EFD4B000AAF90 /* Chip-8 */,
				F76131662A0EFD4B000AAF90 /* Products */,
				F761316F2A0F002C000AAF90 /* Frameworks */,
			);
			sourceTree = "<group>";
			usesTabs = 1;
		};
		F76131662A0EFD4B000AAF90 /* Products */ = {
			isa = PBXGroup;
			children = (
				F76131652A0EFD4B000AAF90 /* Chip-8 */,
			);
			name = Products;
			sourceTree = "<group>";
		};
		F76131672A0EFD4B000AAF90 /* Chip-8 */ = {
			isa = PBXGroup;
			children = (
				F76131682A0EFD4B000AAF90 /* main.cpp */,
				F76131722A16C424000AAF90 /* cpu.cpp */,
				F76131732A16C424000AAF90 /* cpu.hpp */,
				F76131752A16C664000AAF90 /* util.cpp */,
			);
			path = "Chip-8";
			sourceTree = "<group>";
		};
		F761316F2A0F002C000AAF90 /* Frameworks */ = {
			isa = PBXGroup;
			children = (
				F76131702A0F002C000AAF90 /* SDL2.framework */,
			);
			name = Frameworks;
			sourceTree = "<group>";
		};
		F781CE812A16F544007D5044 /* ROM */ = {
			isa = PBXGroup;
			children = (
				F781CE852A184A5F007D5044 /* 3-corax+.ch8 */,
				F781CE862A184A5F007D5044 /* 4-flags.ch8 */,
				F781CE822A16F582007D5044 /* 2-ibm-logo.ch8 */,
				F781CE832A16F582007D5044 /* c8_test.c8 */,
			);
			path = ROM;
			sourceTree = "<group>";
		};
/* End PBXGroup section */

/* Begin PBXNativeTarget section */
		F76131642A0EFD4B000AAF90 /* Chip-8 */ = {
			isa = PBXNativeTarget;
			buildConfigurationList = F761316C2A0EFD4B000AAF90 /* Build configuration list for PBXNativeTarget "Chip-8" */;
			buildPhases = (
				F76131612A0EFD4B000AAF90 /* Sources */,
				F76131622A0EFD4B000AAF90 /* Frameworks */,
				F76131632A0EFD4B000AAF90 /* CopyFiles */,
			);
			buildRules = (
			);
			dependencies = (
			);
			name = "Chip-8";
			productName = Test;
			productReference = F76131652A0EFD4B000AAF90 /* Chip-8 */;
			productType = "com.apple.product-type.tool";
		};
/* End PBXNativeTarget section */

/* Begin PBXProject section */
		F761315D2A0EFD4B000AAF90 /* Project object */ = {
			isa = PBXProject;
			attributes = {
				BuildIndependentTargetsInParallel = 1;
				LastUpgradeCheck = 1430;
				TargetAttributes = {
					F76131642A0EFD4B000AAF90 = {
						CreatedOnToolsVersion = 14.3;
					};
				};
			};
			buildConfigurationList = F76131602A0EFD4B000AAF90 /* Build configuration list for PBXProject "Chip-8" */;
			compatibilityVersion = "Xcode 14.0";
			developmentRegion = en;
			hasScannedForEncodings = 0;
			knownRegions = (
				en,
				Base,
			);
			mainGroup = F761315C2A0EFD4B000AAF90;
			productRefGroup = F76131662A0EFD4B000AAF90 /* Products */;
			projectDirPath = "";
			projectRoot = "";
			targets = (
				F76131642A0EFD4B000AAF90 /* Chip-8 */,
			);
		};
/* End PBXProject section */

/* Begin PBXSourcesBuildPhase section */
		F76131612A0EFD4B000AAF90 /* Sources */ = {
			isa = PBXSourcesBuildPhase;
			buildActionMask = 2147483647;
			files = (
				F76131742A16C424000AAF90 /* cpu.cpp in Sources */,
				F76131692A0EFD4B000AAF90 /* main.cpp in Sources */,
				F76131762A16C664000AAF90 /* util.cpp in Sources */,
			);
			runOnlyForDeploymentPostprocessing = 0;
		};
/* End PBXSourcesBuildPhase section */

/* Begin XCBuildConfiguration section */
		F761316A2A0EFD4B000AAF90 /* Debug */ = {
			isa = XCBuildConfiguration;
			buildSettings = {
				ALWAYS_SEARCH_USER_PATHS = NO;
				CLANG_ANALYZER_NONNULL = YES;
				CLANG_ANALYZER_NUMBER_OBJECT_CONVERSION = YES_AGGRESSIVE;
				CLANG_CXX_LANGUAGE_STANDARD = "gnu++20";
				CLANG_ENABLE_MODULES = YES;
				CLANG_ENABLE_OBJC_ARC = YES;
				CLANG_ENABLE_OBJC_WEAK = YES;
				CLANG_WARN_BLOCK_CAPTURE_AUTORELEASING = YES;
				CLANG_WARN_BOOL_CONVERSION = YES;
				CLANG_WARN_COMMA = YES;
				CLANG_WARN_CONSTANT_CONVERSION = YES;
				CLANG_WARN_DEPRECATED_OBJC_IMPLEMENTATIONS = YES;
				CLANG_WARN_DIRECT_OBJC_ISA_USAGE = YES_ERROR;
				CLANG_WARN_DOCUMENTATION_COMMENTS = YES;
				CLANG_WARN_EMPTY_BODY = YES;
				CLANG_WARN_ENUM_CONVERSION = YES;
				CLANG_WARN_INFINITE_RECURSION = YES;
				CLANG_WARN_INT_CONVERSION = YES;
				CLANG_WARN_NON_LITERAL_NULL_CONVERSION = YES;
				CLANG_WARN_OBJC_IMPLICIT_RETAIN_SELF = YES;
				CLANG_WARN_OBJC_LITERAL_CONVERSION = YES;
				CLANG_WARN_OBJC_ROOT_CLASS = YES_ERROR;
				CLANG_WARN_QUOTED_INCLUDE_IN_FRAMEWORK_HEADER = YES;
				CLANG_WARN_RANGE_LOOP_ANALYSIS = YES;
				CLANG_WARN_STRICT_PROTOTYPES = YES;
				CLANG_WARN_SUSPICIOUS_MOVE = YES;
				CLANG_WARN_UNGUARDED_AVAILABILITY = YES_AGGRESSIVE;
				CLANG_WARN_UNREACHABLE_CODE = YES;
				CLANG_WARN__DUPLICATE_METHOD_MATCH = YES;
				COPY_PHASE_STRIP = NO;
				DEBUG_INFORMATION_FORMAT = dwarf;
				ENABLE_STRICT_OBJC_MSGSEND = YES;
				ENABLE_TESTABILITY = YES;
				GCC_C_LANGUAGE_STANDARD = gnu11;
				GCC_DYNAMIC_NO_PIC = NO;
				GCC_NO_COMMON_BLOCKS = YES;
				GCC_OPTIMIZATION_LEVEL = 0;
				GCC_PREPROCESSOR_DEFINITIONS = (
					"DEBUG=1",
					"$(inherited)",
				);
				GCC_WARN_64_TO_32_BIT_CONVERSION = YES;
				GCC_WARN_ABOUT_RETURN_TYPE = YES_ERROR;
				GCC_WARN_UNDECLARED_SELECTOR = YES;
				GCC_WARN_UNINITIALIZED_AUTOS = YES_AGGRESSIVE;
				GCC_WARN_UNUSED_FUNCTION = YES;
				GCC_WARN_UNUSED_VARIABLE = YES;
				MACOSX_DEPLOYMENT_TARGET = 13.3;
				MTL_ENABLE_DEBUG_INFO = INCLUDE_SOURCE;
				MTL_FAST_MATH = YES;
				ONLY_ACTIVE_ARCH = YES;
				SDKROOT = macosx;
			};
			name = Debug;
		};
		F761316B2A0EFD4B000AAF90 /* Release */ = {
			isa = XCBuildConfiguration;
			buildSettings = {
				ALWAYS_SEARCH_USER_PATHS = NO;
				CLANG_ANALYZER_NONNULL = YES;
				CLANG_ANALYZER_NUMBER_OBJECT_CONVERSION = YES_AGGRESSIVE;
				CLANG_CXX_LANGUAGE_STANDARD = "gnu++20";
				CLANG_ENABLE_MODULES = YES;
				CLANG_ENABLE_OBJC_ARC = YES;
				CLANG_ENABLE_OBJC_WEAK = YES;
				CLANG_WARN_BLOCK_CAPTURE_AUTORELEASING = YES;
				CLANG_WARN_BOOL_CONVERSION = YES;
				CLANG_WARN_COMMA = YES;
				CLANG_WARN_CONSTANT_CONVERSION = YES;
				CLANG_WARN_DEPRECATED_OBJC_IMPLEMENTATIONS = YES;
				CLANG_WARN_DIRECT_OBJC_ISA_USAGE = YES_ERROR;
				CLANG_WARN_DOCUMENTATION_COMMENTS = YES;
				CLANG_WARN_EMPTY_BODY = YES;
				CLANG_WARN_ENUM_CONVERSION = YES;
				CLANG_WARN_INFINITE_RECURSION = YES;
				CLANG_WARN_INT_CONVERSION = YES;
				CLANG_WARN_NON_LITERAL_NULL_CONVERSION = YES;
				CLANG_WARN_OBJC_IMPLICIT_RETAIN_SELF = YES;
				CLANG_WARN_OBJC_LITERAL_CONVERSION = YES;
				CLANG_WARN_OBJC_ROOT_CLASS = YES_ERROR;
				CLANG_WARN_QUOTED_INCLUDE_IN_FRAMEWORK_HEADER = YES;
				CLANG_WARN_RANGE_LOOP_ANALYSIS = YES;
				CLANG_WARN_STRICT_PROTOTYPES = YES;
				CLANG_WARN_SUSPICIOUS_MOVE = YES;
				CLANG_WARN_UNGUARDED_AVAILABILITY = YES_AGGRESSIVE;
				CLANG_WARN_UNREACHABLE_CODE = YES;
				CLANG_WARN__DUPLICATE_METHOD_MATCH = YES;
				COPY_PHASE_STRIP = NO;
				DEBUG_INFORMATION_FORMAT = "dwarf-with-dsym";
				ENABLE_NS_ASSERTIONS = NO;
				ENABLE_STRICT_OBJC_MSGSEND = YES;
				GCC_C_LANGUAGE_STANDARD = gnu11;
				GCC_NO_COMMON_BLOCKS = YES;
				GCC_WARN_64_TO_32_BIT_CONVERSION = YES;
				GCC_WARN_ABOUT_RETURN_TYPE = YES_ERROR;
				GCC_WARN_UNDECLARED_SELECTOR = YES;
				GCC_WARN_UNINITIALIZED_AUTOS = YES_AGGRESSIVE;
				GCC_WARN_UNUSED_FUNCTION = YES;
				GCC_WARN_UNUSED_VARIABLE = YES;
				MACOSX_DEPLOYMENT_TARGET = 13.3;
				MTL_ENABLE_DEBUG_INFO = NO;
				MTL_FAST_MATH = YES;
				SDKROOT = macosx;
			};
			name = Release;
		};
		F761316D2A0EFD4B000AAF90 /* Debug */ = {
			isa = XCBuildConfiguration;
			buildSettings = {
				CODE_SIGN_STYLE = Automatic;
				FRAMEWORK_SEARCH_PATHS = (
					"$(inherited)",
					"$(LOCAL_LIBRARY_DIR)/Frameworks",
				);
				PRODUCT_NAME = "$(TARGET_NAME)";
			};
			name = Debug;
		};
		F761316E2A0EFD4B000AAF90 /* Release */ = {
			isa = XCBuildConfiguration;
			buildSettings = {
				CODE_SIGN_STYLE = Automatic;
				FRAMEWORK_SEARCH_PATHS = (
					"$(inherited)",
					"$(LOCAL_LIBRARY_DIR)/Frameworks",
				);
				PRODUCT_NAME = "$(TARGET_NAME)";
			};
			name = Release;
		};
/* End XCBuildConfiguration section */

/* Begin XCConfigurationList section */
		F76131602A0EFD4B000AAF90 /* Build configuration list for PBXProject "Chip-8" */ = {
			isa = XCConfigurationList;
			buildConfigurations = (
				F761316A2A0EFD4B000AAF90 /* Debug */,
				F761316B2A0EFD4B000AAF90 /* Release */,
			);
			defaultConfigurationIsVisible = 0;
			defaultConfigurationName = Release;
		};
		F761316C2A0EFD4B000AAF90 /* Build configuration list for PBXNativeTarget "Chip-8" */ = {
			isa = XCConfigurationList;
			buildConfigurations = (
				F761316D2A0EFD4B000AAF90 /* Debug */,
				F761316E2A0EFD4B000AAF90 /* Release */,
			);
			defaultConfigurationIsVisible = 0;
			defaultConfigurationName = Release;
		};
/* End XCConfigurationList section */
	};
	rootObject = F761315D2A0EFD4B000AAF90 /* Project object */;
}
